
Microsoft Visual Studio Solution File, Format Version 12.00
# Visual Studio Version 17
VisualStudioVersion = 17.13.35806.99 d17.13
MinimumVisualStudioVersion = 10.0.40219.1
Project("{FAE04EC0-301F-11D3-BF4B-00C04F79EFBC}") = "ProjectManager", "ProjectManager.csproj", "{1E98E07B-4EC3-4D6B-A09A-D4BF0C0AED9C}"
EndProject
Project("{FAE04EC0-301F-11D3-BF4B-00C04F79EFBC}") = "ProjectManager.Domain", "..\ProjectManager.Domain\ProjectManager.Domain.csproj", "{B7A7DC75-8097-4A7F-89F2-9DBFE051D3BB}"
EndProject
Project("{FAE04EC0-301F-11D3-BF4B-00C04F79EFBC}") = "ProjectManager.Infrastructure", "..\ProjectManager.Infrastructure\ProjectManager.Infrastructure.csproj", "{7A970133-405E-4F3C-BFA6-DE85EA2FC858}"
EndProject
Project("{2150E333-8FDC-42A3-9474-1A3956D46DE8}") = "Solution Items", "Solution Items", "{02EA681E-C7D8-13C7-8484-4AC65E1B71E8}"
EndProject
Global
	GlobalSection(SolutionConfigurationPlatforms) = preSolution
		Debug|Any CPU = Debug|Any CPU
		Release|Any CPU = Release|Any CPU
	EndGlobalSection
	GlobalSection(ProjectConfigurationPlatforms) = postSolution
		{1E98E07B-4EC3-4D6B-A09A-D4BF0C0AED9C}.Debug|Any CPU.ActiveCfg = Debug|Any CPU
		{1E98E07B-4EC3-4D6B-A09A-D4BF0C0AED9C}.Debug|Any CPU.Build.0 = Debug|Any CPU
		{1E98E07B-4EC3-4D6B-A09A-D4BF0C0AED9C}.Release|Any CPU.ActiveCfg = Release|Any CPU
		{1E98E07B-4EC3-4D6B-A09A-D4BF0C0AED9C}.Release|Any CPU.Build.0 = Release|Any CPU
		{B7A7DC75-8097-4A7F-89F2-9DBFE051D3BB}.Debug|Any CPU.ActiveCfg = Debug|Any CPU
		{B7A7DC75-8097-4A7F-89F2-9DBFE051D3BB}.Debug|Any CPU.Build.0 = Debug|Any CPU
		{B7A7DC75-8097-4A7F-89F2-9DBFE051D3BB}.Release|Any CPU.ActiveCfg = Release|Any CPU
		{B7A7DC75-8097-4A7F-89F2-9DBFE051D3BB}.Release|Any CPU.Build.0 = Release|Any CPU
		{7A970133-405E-4F3C-BFA6-DE85EA2FC858}.Debug|Any CPU.ActiveCfg = Debug|Any CPU
		{7A970133-405E-4F3C-BFA6-DE85EA2FC858}.Debug|Any CPU.Build.0 = Debug|Any CPU
		{7A970133-405E-4F3C-BFA6-DE85EA2FC858}.Release|Any CPU.ActiveCfg = Release|Any CPU
		{7A970133-405E-4F3C-BFA6-DE85EA2FC858}.Release|Any CPU.Build.0 = Release|Any CPU
	EndGlobalSection
	GlobalSection(SolutionProperties) = preSolution
		HideSolutionNode = FALSE
	EndGlobalSection
	GlobalSection(ExtensibilityGlobals) = postSolution
		SolutionGuid = {0474DBF7-0838-4FE8-8118-0A7CE0C5C98C}
	EndGlobalSection
EndGlobal
